// !$*UTF8*$!
{
	archiveVersion = 1;
	classes = {
	};
	objectVersion = 50;
	objects = {

/* Begin PBXBuildFile section */
		3F44DAD3221B47DE000E91CF /* CameraViewController.swift in Sources */ = {isa = PBXBuildFile; fileRef = 3F44DAD0221B47DD000E91CF /* CameraViewController.swift */; };
		3F44DAD4221B47DE000E91CF /* HelpViewController.swift in Sources */ = {isa = PBXBuildFile; fileRef = 3F44DAD1221B47DE000E91CF /* HelpViewController.swift */; };
		3F44DAD7221B4A55000E91CF /* SettingsTableViewController.swift in Sources */ = {isa = PBXBuildFile; fileRef = 3F44DAD6221B4A55000E91CF /* SettingsTableViewController.swift */; };
		3F44DAD9221B51EB000E91CF /* GalleryViewController.swift in Sources */ = {isa = PBXBuildFile; fileRef = 3F44DAD8221B51EB000E91CF /* GalleryViewController.swift */; };
		7C532BDC42CEBE4116639420 /* Pods_Road_CaptureUITests.framework in Frameworks */ = {isa = PBXBuildFile; fileRef = 2D39BCC8358248401532C608 /* Pods_Road_CaptureUITests.framework */; };
		B22A2C5822276BFE005D3C5A /* PhotoCaptureHelper.swift in Sources */ = {isa = PBXBuildFile; fileRef = B22A2C5722276BFE005D3C5A /* PhotoCaptureHelper.swift */; };
		B238C14C2210CD6700DB9017 /* LocationTracking.swift in Sources */ = {isa = PBXBuildFile; fileRef = B238C14B2210CD6700DB9017 /* LocationTracking.swift */; };
		B238C14E2211165000DB9017 /* NetworkingHelper.swift in Sources */ = {isa = PBXBuildFile; fileRef = B238C14D2211165000DB9017 /* NetworkingHelper.swift */; };
		B24BF61C2200EA0A009C5C51 /* AppDelegate.swift in Sources */ = {isa = PBXBuildFile; fileRef = B24BF61B2200EA0A009C5C51 /* AppDelegate.swift */; };
		B24BF6212200EA0A009C5C51 /* Main.storyboard in Resources */ = {isa = PBXBuildFile; fileRef = B24BF61F2200EA0A009C5C51 /* Main.storyboard */; };
		B24BF6232200EA0B009C5C51 /* Assets.xcassets in Resources */ = {isa = PBXBuildFile; fileRef = B24BF6222200EA0B009C5C51 /* Assets.xcassets */; };
		B24BF6262200EA0B009C5C51 /* LaunchScreen.storyboard in Resources */ = {isa = PBXBuildFile; fileRef = B24BF6242200EA0B009C5C51 /* LaunchScreen.storyboard */; };
		B24BF6312200EA0B009C5C51 /* Road_CaptureTests.swift in Sources */ = {isa = PBXBuildFile; fileRef = B24BF6302200EA0B009C5C51 /* Road_CaptureTests.swift */; };
		B24BF63C2200EA0B009C5C51 /* Road_CaptureUITests.swift in Sources */ = {isa = PBXBuildFile; fileRef = B24BF63B2200EA0B009C5C51 /* Road_CaptureUITests.swift */; };
		B28CFF682244183F00E30A14 /* StoreImagesHelper.swift in Sources */ = {isa = PBXBuildFile; fileRef = B28CFF672244183F00E30A14 /* StoreImagesHelper.swift */; };
		B28CFF6B224418FA00E30A14 /* Model.xcdatamodeld in Sources */ = {isa = PBXBuildFile; fileRef = B28CFF69224418FA00E30A14 /* Model.xcdatamodeld */; };
		B294FB3A2251864B0098BF1D /* FetchController.swift in Sources */ = {isa = PBXBuildFile; fileRef = B294FB392251864B0098BF1D /* FetchController.swift */; };
		B294FB3C22518EC70098BF1D /* CustomDataSource.swift in Sources */ = {isa = PBXBuildFile; fileRef = B294FB3B22518EC70098BF1D /* CustomDataSource.swift */; };
		B294FB3E225191F50098BF1D /* GalleryCollectionViewDelegate.swift in Sources */ = {isa = PBXBuildFile; fileRef = B294FB3D225191F50098BF1D /* GalleryCollectionViewDelegate.swift */; };
		B2A52B502207FD160079F120 /* Marker.swift in Sources */ = {isa = PBXBuildFile; fileRef = B2A52B4F2207FD160079F120 /* Marker.swift */; };
		B2AA6108221F411300AE8B4F /* ImageCollectionViewCell.swift in Sources */ = {isa = PBXBuildFile; fileRef = B2AA6107221F411300AE8B4F /* ImageCollectionViewCell.swift */; };
		C12380D222010410DD8B498F /* Pods_Road_Capture.framework in Frameworks */ = {isa = PBXBuildFile; fileRef = B6DCB327D447DECDEE7D32C6 /* Pods_Road_Capture.framework */; };
		C35F6AC520B04C744BFC1CDB /* Pods_Road_CaptureTests.framework in Frameworks */ = {isa = PBXBuildFile; fileRef = 217BD9146AC12AF8A0C8306B /* Pods_Road_CaptureTests.framework */; };
/* End PBXBuildFile section */

/* Begin PBXContainerItemProxy section */
		B24BF62D2200EA0B009C5C51 /* PBXContainerItemProxy */ = {
			isa = PBXContainerItemProxy;
			containerPortal = B24BF6102200EA0A009C5C51 /* Project object */;
			proxyType = 1;
			remoteGlobalIDString = B24BF6172200EA0A009C5C51;
			remoteInfo = "Road Capture";
		};
		B24BF6382200EA0B009C5C51 /* PBXContainerItemProxy */ = {
			isa = PBXContainerItemProxy;
			containerPortal = B24BF6102200EA0A009C5C51 /* Project object */;
			proxyType = 1;
			remoteGlobalIDString = B24BF6172200EA0A009C5C51;
			remoteInfo = "Road Capture";
		};
/* End PBXContainerItemProxy section */

/* Begin PBXFileReference section */
		217BD9146AC12AF8A0C8306B /* Pods_Road_CaptureTests.framework */ = {isa = PBXFileReference; explicitFileType = wrapper.framework; includeInIndex = 0; path = Pods_Road_CaptureTests.framework; sourceTree = BUILT_PRODUCTS_DIR; };
		23C1FF0130F0060E453980BD /* Pods-Road Capture.release.xcconfig */ = {isa = PBXFileReference; includeInIndex = 1; lastKnownFileType = text.xcconfig; name = "Pods-Road Capture.release.xcconfig"; path = "Pods/Target Support Files/Pods-Road Capture/Pods-Road Capture.release.xcconfig"; sourceTree = "<group>"; };
		2D39BCC8358248401532C608 /* Pods_Road_CaptureUITests.framework */ = {isa = PBXFileReference; explicitFileType = wrapper.framework; includeInIndex = 0; path = Pods_Road_CaptureUITests.framework; sourceTree = BUILT_PRODUCTS_DIR; };
		3F44DAD0221B47DD000E91CF /* CameraViewController.swift */ = {isa = PBXFileReference; fileEncoding = 4; lastKnownFileType = sourcecode.swift; path = CameraViewController.swift; sourceTree = "<group>"; };
		3F44DAD1221B47DE000E91CF /* HelpViewController.swift */ = {isa = PBXFileReference; fileEncoding = 4; lastKnownFileType = sourcecode.swift; path = HelpViewController.swift; sourceTree = "<group>"; };
		3F44DAD6221B4A55000E91CF /* SettingsTableViewController.swift */ = {isa = PBXFileReference; lastKnownFileType = sourcecode.swift; path = SettingsTableViewController.swift; sourceTree = "<group>"; };
		3F44DAD8221B51EB000E91CF /* GalleryViewController.swift */ = {isa = PBXFileReference; fileEncoding = 4; lastKnownFileType = sourcecode.swift; path = GalleryViewController.swift; sourceTree = "<group>"; };
		3F69C4792DA82D32C689969B /* Pods-Road CaptureTests.release.xcconfig */ = {isa = PBXFileReference; includeInIndex = 1; lastKnownFileType = text.xcconfig; name = "Pods-Road CaptureTests.release.xcconfig"; path = "Pods/Target Support Files/Pods-Road CaptureTests/Pods-Road CaptureTests.release.xcconfig"; sourceTree = "<group>"; };
		6E6DEC569D52F0E638783533 /* Pods-Road CaptureUITests.debug.xcconfig */ = {isa = PBXFileReference; includeInIndex = 1; lastKnownFileType = text.xcconfig; name = "Pods-Road CaptureUITests.debug.xcconfig"; path = "Pods/Target Support Files/Pods-Road CaptureUITests/Pods-Road CaptureUITests.debug.xcconfig"; sourceTree = "<group>"; };
		79C713802C0EBD84E8B60048 /* Pods-Road CaptureTests.debug.xcconfig */ = {isa = PBXFileReference; includeInIndex = 1; lastKnownFileType = text.xcconfig; name = "Pods-Road CaptureTests.debug.xcconfig"; path = "Pods/Target Support Files/Pods-Road CaptureTests/Pods-Road CaptureTests.debug.xcconfig"; sourceTree = "<group>"; };
		B22A2C5722276BFE005D3C5A /* PhotoCaptureHelper.swift */ = {isa = PBXFileReference; lastKnownFileType = sourcecode.swift; path = PhotoCaptureHelper.swift; sourceTree = "<group>"; };
		B238C14B2210CD6700DB9017 /* LocationTracking.swift */ = {isa = PBXFileReference; lastKnownFileType = sourcecode.swift; path = LocationTracking.swift; sourceTree = "<group>"; };
		B238C14D2211165000DB9017 /* NetworkingHelper.swift */ = {isa = PBXFileReference; lastKnownFileType = sourcecode.swift; path = NetworkingHelper.swift; sourceTree = "<group>"; };
		B24BF6182200EA0A009C5C51 /* Road Capture.app */ = {isa = PBXFileReference; explicitFileType = wrapper.application; includeInIndex = 0; path = "Road Capture.app"; sourceTree = BUILT_PRODUCTS_DIR; };
		B24BF61B2200EA0A009C5C51 /* AppDelegate.swift */ = {isa = PBXFileReference; lastKnownFileType = sourcecode.swift; path = AppDelegate.swift; sourceTree = "<group>"; };
		B24BF6202200EA0A009C5C51 /* Base */ = {isa = PBXFileReference; lastKnownFileType = file.storyboard; name = Base; path = Base.lproj/Main.storyboard; sourceTree = "<group>"; };
		B24BF6222200EA0B009C5C51 /* Assets.xcassets */ = {isa = PBXFileReference; lastKnownFileType = folder.assetcatalog; path = Assets.xcassets; sourceTree = "<group>"; };
		B24BF6252200EA0B009C5C51 /* Base */ = {isa = PBXFileReference; lastKnownFileType = file.storyboard; name = Base; path = Base.lproj/LaunchScreen.storyboard; sourceTree = "<group>"; };
		B24BF6272200EA0B009C5C51 /* Info.plist */ = {isa = PBXFileReference; lastKnownFileType = text.plist.xml; path = Info.plist; sourceTree = "<group>"; };
		B24BF62C2200EA0B009C5C51 /* Road CaptureTests.xctest */ = {isa = PBXFileReference; explicitFileType = wrapper.cfbundle; includeInIndex = 0; path = "Road CaptureTests.xctest"; sourceTree = BUILT_PRODUCTS_DIR; };
		B24BF6302200EA0B009C5C51 /* Road_CaptureTests.swift */ = {isa = PBXFileReference; lastKnownFileType = sourcecode.swift; path = Road_CaptureTests.swift; sourceTree = "<group>"; };
		B24BF6322200EA0B009C5C51 /* Info.plist */ = {isa = PBXFileReference; lastKnownFileType = text.plist.xml; path = Info.plist; sourceTree = "<group>"; };
		B24BF6372200EA0B009C5C51 /* Road CaptureUITests.xctest */ = {isa = PBXFileReference; explicitFileType = wrapper.cfbundle; includeInIndex = 0; path = "Road CaptureUITests.xctest"; sourceTree = BUILT_PRODUCTS_DIR; };
		B24BF63B2200EA0B009C5C51 /* Road_CaptureUITests.swift */ = {isa = PBXFileReference; lastKnownFileType = sourcecode.swift; path = Road_CaptureUITests.swift; sourceTree = "<group>"; };
		B24BF63D2200EA0B009C5C51 /* Info.plist */ = {isa = PBXFileReference; lastKnownFileType = text.plist.xml; path = Info.plist; sourceTree = "<group>"; };
		B28CFF672244183F00E30A14 /* StoreImagesHelper.swift */ = {isa = PBXFileReference; lastKnownFileType = sourcecode.swift; path = StoreImagesHelper.swift; sourceTree = "<group>"; };
		B28CFF6A224418FA00E30A14 /* Model.xcdatamodel */ = {isa = PBXFileReference; lastKnownFileType = wrapper.xcdatamodel; path = Model.xcdatamodel; sourceTree = "<group>"; };
		B294FB392251864B0098BF1D /* FetchController.swift */ = {isa = PBXFileReference; lastKnownFileType = sourcecode.swift; path = FetchController.swift; sourceTree = "<group>"; };
		B294FB3B22518EC70098BF1D /* CustomDataSource.swift */ = {isa = PBXFileReference; lastKnownFileType = sourcecode.swift; path = CustomDataSource.swift; sourceTree = "<group>"; };
		B294FB3D225191F50098BF1D /* GalleryCollectionViewDelegate.swift */ = {isa = PBXFileReference; lastKnownFileType = sourcecode.swift; path = GalleryCollectionViewDelegate.swift; sourceTree = "<group>"; };
		B2A52B4F2207FD160079F120 /* Marker.swift */ = {isa = PBXFileReference; lastKnownFileType = sourcecode.swift; path = Marker.swift; sourceTree = "<group>"; };
		B2AA6107221F411300AE8B4F /* ImageCollectionViewCell.swift */ = {isa = PBXFileReference; fileEncoding = 4; lastKnownFileType = sourcecode.swift; path = ImageCollectionViewCell.swift; sourceTree = "<group>"; };
		B5F2A2C1BC7C772C4FA4CEB7 /* Pods-Road CaptureUITests.release.xcconfig */ = {isa = PBXFileReference; includeInIndex = 1; lastKnownFileType = text.xcconfig; name = "Pods-Road CaptureUITests.release.xcconfig"; path = "Pods/Target Support Files/Pods-Road CaptureUITests/Pods-Road CaptureUITests.release.xcconfig"; sourceTree = "<group>"; };
		B6DCB327D447DECDEE7D32C6 /* Pods_Road_Capture.framework */ = {isa = PBXFileReference; explicitFileType = wrapper.framework; includeInIndex = 0; path = Pods_Road_Capture.framework; sourceTree = BUILT_PRODUCTS_DIR; };
		F8F4AA7FCBEC371218716680 /* Pods-Road Capture.debug.xcconfig */ = {isa = PBXFileReference; includeInIndex = 1; lastKnownFileType = text.xcconfig; name = "Pods-Road Capture.debug.xcconfig"; path = "Pods/Target Support Files/Pods-Road Capture/Pods-Road Capture.debug.xcconfig"; sourceTree = "<group>"; };
/* End PBXFileReference section */

/* Begin PBXFrameworksBuildPhase section */
		B24BF6152200EA0A009C5C51 /* Frameworks */ = {
			isa = PBXFrameworksBuildPhase;
			buildActionMask = 2147483647;
			files = (
				C12380D222010410DD8B498F /* Pods_Road_Capture.framework in Frameworks */,
			);
			runOnlyForDeploymentPostprocessing = 0;
		};
		B24BF6292200EA0B009C5C51 /* Frameworks */ = {
			isa = PBXFrameworksBuildPhase;
			buildActionMask = 2147483647;
			files = (
				C35F6AC520B04C744BFC1CDB /* Pods_Road_CaptureTests.framework in Frameworks */,
			);
			runOnlyForDeploymentPostprocessing = 0;
		};
		B24BF6342200EA0B009C5C51 /* Frameworks */ = {
			isa = PBXFrameworksBuildPhase;
			buildActionMask = 2147483647;
			files = (
				7C532BDC42CEBE4116639420 /* Pods_Road_CaptureUITests.framework in Frameworks */,
			);
			runOnlyForDeploymentPostprocessing = 0;
		};
/* End PBXFrameworksBuildPhase section */

/* Begin PBXGroup section */
		ABA156E47FDBA701027A718B /* Pods */ = {
			isa = PBXGroup;
			children = (
				F8F4AA7FCBEC371218716680 /* Pods-Road Capture.debug.xcconfig */,
				23C1FF0130F0060E453980BD /* Pods-Road Capture.release.xcconfig */,
				79C713802C0EBD84E8B60048 /* Pods-Road CaptureTests.debug.xcconfig */,
				3F69C4792DA82D32C689969B /* Pods-Road CaptureTests.release.xcconfig */,
				6E6DEC569D52F0E638783533 /* Pods-Road CaptureUITests.debug.xcconfig */,
				B5F2A2C1BC7C772C4FA4CEB7 /* Pods-Road CaptureUITests.release.xcconfig */,
			);
			name = Pods;
			sourceTree = "<group>";
		};
		B22A2C5622276B85005D3C5A /* Photo Capture */ = {
			isa = PBXGroup;
			children = (
				B22A2C5722276BFE005D3C5A /* PhotoCaptureHelper.swift */,
			);
			path = "Photo Capture";
			sourceTree = "<group>";
		};
		B238C14A2210CD4000DB9017 /* Mapping */ = {
			isa = PBXGroup;
			children = (
				B2A52B4F2207FD160079F120 /* Marker.swift */,
				B238C14B2210CD6700DB9017 /* LocationTracking.swift */,
			);
			path = Mapping;
			sourceTree = "<group>";
		};
		B238C14F221116BD00DB9017 /* Networking */ = {
			isa = PBXGroup;
			children = (
				B238C14D2211165000DB9017 /* NetworkingHelper.swift */,
			);
			path = Networking;
			sourceTree = "<group>";
		};
		B24BF60F2200EA0A009C5C51 = {
			isa = PBXGroup;
			children = (
				B24BF61A2200EA0A009C5C51 /* Road Capture */,
				B24BF62F2200EA0B009C5C51 /* Road CaptureTests */,
				B24BF63A2200EA0B009C5C51 /* Road CaptureUITests */,
				B24BF6192200EA0A009C5C51 /* Products */,
				ABA156E47FDBA701027A718B /* Pods */,
				F7348E0AECB39123E4E04E61 /* Frameworks */,
			);
			sourceTree = "<group>";
		};
		B24BF6192200EA0A009C5C51 /* Products */ = {
			isa = PBXGroup;
			children = (
				B24BF6182200EA0A009C5C51 /* Road Capture.app */,
				B24BF62C2200EA0B009C5C51 /* Road CaptureTests.xctest */,
				B24BF6372200EA0B009C5C51 /* Road CaptureUITests.xctest */,
			);
			name = Products;
			sourceTree = "<group>";
		};
		B24BF61A2200EA0A009C5C51 /* Road Capture */ = {
			isa = PBXGroup;
			children = (
				B22A2C5622276B85005D3C5A /* Photo Capture */,
				B2AA6109221F411C00AE8B4F /* Gallery */,
				B238C14A2210CD4000DB9017 /* Mapping */,
				B238C14F221116BD00DB9017 /* Networking */,
				B26B8B5C2215E2B900EF533F /* ViewController */,
				B24BF61F2200EA0A009C5C51 /* Main.storyboard */,
				B24BF6242200EA0B009C5C51 /* LaunchScreen.storyboard */,
				B24BF61B2200EA0A009C5C51 /* AppDelegate.swift */,
				B28CFF69224418FA00E30A14 /* Model.xcdatamodeld */,
				B24BF6272200EA0B009C5C51 /* Info.plist */,
				B24BF6222200EA0B009C5C51 /* Assets.xcassets */,
			);
			path = "Road Capture";
			sourceTree = "<group>";
		};
		B24BF62F2200EA0B009C5C51 /* Road CaptureTests */ = {
			isa = PBXGroup;
			children = (
				B24BF6302200EA0B009C5C51 /* Road_CaptureTests.swift */,
				B24BF6322200EA0B009C5C51 /* Info.plist */,
			);
			path = "Road CaptureTests";
			sourceTree = "<group>";
		};
		B24BF63A2200EA0B009C5C51 /* Road CaptureUITests */ = {
			isa = PBXGroup;
			children = (
				B24BF63B2200EA0B009C5C51 /* Road_CaptureUITests.swift */,
				B24BF63D2200EA0B009C5C51 /* Info.plist */,
			);
			path = "Road CaptureUITests";
			sourceTree = "<group>";
		};
		B26B8B5C2215E2B900EF533F /* ViewController */ = {
			isa = PBXGroup;
			children = (
				3F44DAD8221B51EB000E91CF /* GalleryViewController.swift */,
				3F44DAD0221B47DD000E91CF /* CameraViewController.swift */,
				3F44DAD1221B47DE000E91CF /* HelpViewController.swift */,
				3F44DAD6221B4A55000E91CF /* SettingsTableViewController.swift */,
			);
			path = ViewController;
			sourceTree = "<group>";
		};
		B2AA6109221F411C00AE8B4F /* Gallery */ = {
			isa = PBXGroup;
			children = (
				B2AA6107221F411300AE8B4F /* ImageCollectionViewCell.swift */,
				B28CFF672244183F00E30A14 /* StoreImagesHelper.swift */,
				B294FB3B22518EC70098BF1D /* CustomDataSource.swift */,
				B294FB392251864B0098BF1D /* FetchController.swift */,
				B294FB3D225191F50098BF1D /* GalleryCollectionViewDelegate.swift */,
			);
			path = Gallery;
			sourceTree = "<group>";
		};
		F7348E0AECB39123E4E04E61 /* Frameworks */ = {
			isa = PBXGroup;
			children = (
				B6DCB327D447DECDEE7D32C6 /* Pods_Road_Capture.framework */,
				217BD9146AC12AF8A0C8306B /* Pods_Road_CaptureTests.framework */,
				2D39BCC8358248401532C608 /* Pods_Road_CaptureUITests.framework */,
			);
			name = Frameworks;
			sourceTree = "<group>";
		};
/* End PBXGroup section */

/* Begin PBXNativeTarget section */
		B24BF6172200EA0A009C5C51 /* Road Capture */ = {
			isa = PBXNativeTarget;
			buildConfigurationList = B24BF6402200EA0B009C5C51 /* Build configuration list for PBXNativeTarget "Road Capture" */;
			buildPhases = (
				27D2886CDFBE95CAB59146AF /* [CP] Check Pods Manifest.lock */,
				B24BF6142200EA0A009C5C51 /* Sources */,
				B24BF6152200EA0A009C5C51 /* Frameworks */,
				B24BF6162200EA0A009C5C51 /* Resources */,
				B72189439F939BC2DC6CD4A9 /* [CP] Embed Pods Frameworks */,
			);
			buildRules = (
			);
			dependencies = (
			);
			name = "Road Capture";
			productName = "Road Capture";
			productReference = B24BF6182200EA0A009C5C51 /* Road Capture.app */;
			productType = "com.apple.product-type.application";
		};
		B24BF62B2200EA0B009C5C51 /* Road CaptureTests */ = {
			isa = PBXNativeTarget;
			buildConfigurationList = B24BF6432200EA0B009C5C51 /* Build configuration list for PBXNativeTarget "Road CaptureTests" */;
			buildPhases = (
				08823A2B03E1364CAC628C2A /* [CP] Check Pods Manifest.lock */,
				B24BF6282200EA0B009C5C51 /* Sources */,
				B24BF6292200EA0B009C5C51 /* Frameworks */,
				B24BF62A2200EA0B009C5C51 /* Resources */,
			);
			buildRules = (
			);
			dependencies = (
				B24BF62E2200EA0B009C5C51 /* PBXTargetDependency */,
			);
			name = "Road CaptureTests";
			productName = "Road CaptureTests";
			productReference = B24BF62C2200EA0B009C5C51 /* Road CaptureTests.xctest */;
			productType = "com.apple.product-type.bundle.unit-test";
		};
		B24BF6362200EA0B009C5C51 /* Road CaptureUITests */ = {
			isa = PBXNativeTarget;
			buildConfigurationList = B24BF6462200EA0B009C5C51 /* Build configuration list for PBXNativeTarget "Road CaptureUITests" */;
			buildPhases = (
				CC3F07E97A42A5115D211BC3 /* [CP] Check Pods Manifest.lock */,
				B24BF6332200EA0B009C5C51 /* Sources */,
				B24BF6342200EA0B009C5C51 /* Frameworks */,
				B24BF6352200EA0B009C5C51 /* Resources */,
			);
			buildRules = (
			);
			dependencies = (
				B24BF6392200EA0B009C5C51 /* PBXTargetDependency */,
			);
			name = "Road CaptureUITests";
			productName = "Road CaptureUITests";
			productReference = B24BF6372200EA0B009C5C51 /* Road CaptureUITests.xctest */;
			productType = "com.apple.product-type.bundle.ui-testing";
		};
/* End PBXNativeTarget section */

/* Begin PBXProject section */
		B24BF6102200EA0A009C5C51 /* Project object */ = {
			isa = PBXProject;
			attributes = {
				LastSwiftUpdateCheck = 1010;
				LastUpgradeCheck = 1010;
				ORGANIZATIONNAME = "Aaron Sletten";
				TargetAttributes = {
					B24BF6172200EA0A009C5C51 = {
						CreatedOnToolsVersion = 10.1;
					};
					B24BF62B2200EA0B009C5C51 = {
						CreatedOnToolsVersion = 10.1;
						TestTargetID = B24BF6172200EA0A009C5C51;
					};
					B24BF6362200EA0B009C5C51 = {
						CreatedOnToolsVersion = 10.1;
						TestTargetID = B24BF6172200EA0A009C5C51;
					};
				};
			};
			buildConfigurationList = B24BF6132200EA0A009C5C51 /* Build configuration list for PBXProject "Road Capture" */;
			compatibilityVersion = "Xcode 9.3";
			developmentRegion = en;
			hasScannedForEncodings = 0;
			knownRegions = (
				en,
				Base,
			);
			mainGroup = B24BF60F2200EA0A009C5C51;
			productRefGroup = B24BF6192200EA0A009C5C51 /* Products */;
			projectDirPath = "";
			projectRoot = "";
			targets = (
				B24BF6172200EA0A009C5C51 /* Road Capture */,
				B24BF62B2200EA0B009C5C51 /* Road CaptureTests */,
				B24BF6362200EA0B009C5C51 /* Road CaptureUITests */,
			);
		};
/* End PBXProject section */

/* Begin PBXResourcesBuildPhase section */
		B24BF6162200EA0A009C5C51 /* Resources */ = {
			isa = PBXResourcesBuildPhase;
			buildActionMask = 2147483647;
			files = (
				B24BF6262200EA0B009C5C51 /* LaunchScreen.storyboard in Resources */,
				B24BF6232200EA0B009C5C51 /* Assets.xcassets in Resources */,
				B24BF6212200EA0A009C5C51 /* Main.storyboard in Resources */,
			);
			runOnlyForDeploymentPostprocessing = 0;
		};
		B24BF62A2200EA0B009C5C51 /* Resources */ = {
			isa = PBXResourcesBuildPhase;
			buildActionMask = 2147483647;
			files = (
			);
			runOnlyForDeploymentPostprocessing = 0;
		};
		B24BF6352200EA0B009C5C51 /* Resources */ = {
			isa = PBXResourcesBuildPhase;
			buildActionMask = 2147483647;
			files = (
			);
			runOnlyForDeploymentPostprocessing = 0;
		};
/* End PBXResourcesBuildPhase section */

/* Begin PBXShellScriptBuildPhase section */
		08823A2B03E1364CAC628C2A /* [CP] Check Pods Manifest.lock */ = {
			isa = PBXShellScriptBuildPhase;
			buildActionMask = 2147483647;
			files = (
			);
			inputPaths = (
				"${PODS_PODFILE_DIR_PATH}/Podfile.lock",
				"${PODS_ROOT}/Manifest.lock",
			);
			name = "[CP] Check Pods Manifest.lock";
			outputPaths = (
				"$(DERIVED_FILE_DIR)/Pods-Road CaptureTests-checkManifestLockResult.txt",
			);
			runOnlyForDeploymentPostprocessing = 0;
			shellPath = /bin/sh;
			shellScript = "diff \"${PODS_PODFILE_DIR_PATH}/Podfile.lock\" \"${PODS_ROOT}/Manifest.lock\" > /dev/null\nif [ $? != 0 ] ; then\n    # print error to STDERR\n    echo \"error: The sandbox is not in sync with the Podfile.lock. Run 'pod install' or update your CocoaPods installation.\" >&2\n    exit 1\nfi\n# This output is used by Xcode 'outputs' to avoid re-running this script phase.\necho \"SUCCESS\" > \"${SCRIPT_OUTPUT_FILE_0}\"\n";
			showEnvVarsInLog = 0;
		};
		27D2886CDFBE95CAB59146AF /* [CP] Check Pods Manifest.lock */ = {
			isa = PBXShellScriptBuildPhase;
			buildActionMask = 2147483647;
			files = (
			);
			inputPaths = (
				"${PODS_PODFILE_DIR_PATH}/Podfile.lock",
				"${PODS_ROOT}/Manifest.lock",
			);
			name = "[CP] Check Pods Manifest.lock";
			outputPaths = (
				"$(DERIVED_FILE_DIR)/Pods-Road Capture-checkManifestLockResult.txt",
			);
			runOnlyForDeploymentPostprocessing = 0;
			shellPath = /bin/sh;
			shellScript = "diff \"${PODS_PODFILE_DIR_PATH}/Podfile.lock\" \"${PODS_ROOT}/Manifest.lock\" > /dev/null\nif [ $? != 0 ] ; then\n    # print error to STDERR\n    echo \"error: The sandbox is not in sync with the Podfile.lock. Run 'pod install' or update your CocoaPods installation.\" >&2\n    exit 1\nfi\n# This output is used by Xcode 'outputs' to avoid re-running this script phase.\necho \"SUCCESS\" > \"${SCRIPT_OUTPUT_FILE_0}\"\n";
			showEnvVarsInLog = 0;
		};
		B72189439F939BC2DC6CD4A9 /* [CP] Embed Pods Frameworks */ = {
			isa = PBXShellScriptBuildPhase;
			buildActionMask = 2147483647;
			files = (
			);
			inputPaths = (
				"${SRCROOT}/Pods/Target Support Files/Pods-Road Capture/Pods-Road Capture-frameworks.sh",
				"${BUILT_PRODUCTS_DIR}/Alamofire/Alamofire.framework",
				"${BUILT_PRODUCTS_DIR}/CameraManager/CameraManager.framework",
				"${BUILT_PRODUCTS_DIR}/SwiftyJSON/SwiftyJSON.framework",
			);
			name = "[CP] Embed Pods Frameworks";
			outputPaths = (
				"${TARGET_BUILD_DIR}/${FRAMEWORKS_FOLDER_PATH}/Alamofire.framework",
				"${TARGET_BUILD_DIR}/${FRAMEWORKS_FOLDER_PATH}/CameraManager.framework",
				"${TARGET_BUILD_DIR}/${FRAMEWORKS_FOLDER_PATH}/SwiftyJSON.framework",
			);
			runOnlyForDeploymentPostprocessing = 0;
			shellPath = /bin/sh;
			shellScript = "\"${SRCROOT}/Pods/Target Support Files/Pods-Road Capture/Pods-Road Capture-frameworks.sh\"\n";
			showEnvVarsInLog = 0;
		};
		CC3F07E97A42A5115D211BC3 /* [CP] Check Pods Manifest.lock */ = {
			isa = PBXShellScriptBuildPhase;
			buildActionMask = 2147483647;
			files = (
			);
			inputPaths = (
				"${PODS_PODFILE_DIR_PATH}/Podfile.lock",
				"${PODS_ROOT}/Manifest.lock",
			);
			name = "[CP] Check Pods Manifest.lock";
			outputPaths = (
				"$(DERIVED_FILE_DIR)/Pods-Road CaptureUITests-checkManifestLockResult.txt",
			);
			runOnlyForDeploymentPostprocessing = 0;
			shellPath = /bin/sh;
			shellScript = "diff \"${PODS_PODFILE_DIR_PATH}/Podfile.lock\" \"${PODS_ROOT}/Manifest.lock\" > /dev/null\nif [ $? != 0 ] ; then\n    # print error to STDERR\n    echo \"error: The sandbox is not in sync with the Podfile.lock. Run 'pod install' or update your CocoaPods installation.\" >&2\n    exit 1\nfi\n# This output is used by Xcode 'outputs' to avoid re-running this script phase.\necho \"SUCCESS\" > \"${SCRIPT_OUTPUT_FILE_0}\"\n";
			showEnvVarsInLog = 0;
		};
/* End PBXShellScriptBuildPhase section */

/* Begin PBXSourcesBuildPhase section */
		B24BF6142200EA0A009C5C51 /* Sources */ = {
			isa = PBXSourcesBuildPhase;
			buildActionMask = 2147483647;
			files = (
				B294FB3E225191F50098BF1D /* GalleryCollectionViewDelegate.swift in Sources */,
				B238C14C2210CD6700DB9017 /* LocationTracking.swift in Sources */,
				B24BF61C2200EA0A009C5C51 /* AppDelegate.swift in Sources */,
				B22A2C5822276BFE005D3C5A /* PhotoCaptureHelper.swift in Sources */,
				B238C14E2211165000DB9017 /* NetworkingHelper.swift in Sources */,
				3F44DAD3221B47DE000E91CF /* CameraViewController.swift in Sources */,
				B294FB3A2251864B0098BF1D /* FetchController.swift in Sources */,
				3F44DAD4221B47DE000E91CF /* HelpViewController.swift in Sources */,
				B2AA6108221F411300AE8B4F /* ImageCollectionViewCell.swift in Sources */,
				B2A52B502207FD160079F120 /* Marker.swift in Sources */,
				3F44DAD7221B4A55000E91CF /* SettingsTableViewController.swift in Sources */,
				3F44DAD9221B51EB000E91CF /* GalleryViewController.swift in Sources */,
				B294FB3C22518EC70098BF1D /* CustomDataSource.swift in Sources */,
				B28CFF682244183F00E30A14 /* StoreImagesHelper.swift in Sources */,
				B28CFF6B224418FA00E30A14 /* Model.xcdatamodeld in Sources */,
			);
			runOnlyForDeploymentPostprocessing = 0;
		};
		B24BF6282200EA0B009C5C51 /* Sources */ = {
			isa = PBXSourcesBuildPhase;
			buildActionMask = 2147483647;
			files = (
				B24BF6312200EA0B009C5C51 /* Road_CaptureTests.swift in Sources */,
			);
			runOnlyForDeploymentPostprocessing = 0;
		};
		B24BF6332200EA0B009C5C51 /* Sources */ = {
			isa = PBXSourcesBuildPhase;
			buildActionMask = 2147483647;
			files = (
				B24BF63C2200EA0B009C5C51 /* Road_CaptureUITests.swift in Sources */,
			);
			runOnlyForDeploymentPostprocessing = 0;
		};
/* End PBXSourcesBuildPhase section */

/* Begin PBXTargetDependency section */
		B24BF62E2200EA0B009C5C51 /* PBXTargetDependency */ = {
			isa = PBXTargetDependency;
			target = B24BF6172200EA0A009C5C51 /* Road Capture */;
			targetProxy = B24BF62D2200EA0B009C5C51 /* PBXContainerItemProxy */;
		};
		B24BF6392200EA0B009C5C51 /* PBXTargetDependency */ = {
			isa = PBXTargetDependency;
			target = B24BF6172200EA0A009C5C51 /* Road Capture */;
			targetProxy = B24BF6382200EA0B009C5C51 /* PBXContainerItemProxy */;
		};
/* End PBXTargetDependency section */

/* Begin PBXVariantGroup section */
		B24BF61F2200EA0A009C5C51 /* Main.storyboard */ = {
			isa = PBXVariantGroup;
			children = (
				B24BF6202200EA0A009C5C51 /* Base */,
			);
			name = Main.storyboard;
			sourceTree = "<group>";
		};
		B24BF6242200EA0B009C5C51 /* LaunchScreen.storyboard */ = {
			isa = PBXVariantGroup;
			children = (
				B24BF6252200EA0B009C5C51 /* Base */,
			);
			name = LaunchScreen.storyboard;
			sourceTree = "<group>";
		};
/* End PBXVariantGroup section */

/* Begin XCBuildConfiguration section */
		B24BF63E2200EA0B009C5C51 /* Debug */ = {
			isa = XCBuildConfiguration;
			buildSettings = {
				ALWAYS_SEARCH_USER_PATHS = NO;
				CLANG_ANALYZER_NONNULL = YES;
				CLANG_ANALYZER_NUMBER_OBJECT_CONVERSION = YES_AGGRESSIVE;
				CLANG_CXX_LANGUAGE_STANDARD = "gnu++14";
				CLANG_CXX_LIBRARY = "libc++";
				CLANG_ENABLE_MODULES = YES;
				CLANG_ENABLE_OBJC_ARC = YES;
				CLANG_ENABLE_OBJC_WEAK = YES;
				CLANG_WARN_BLOCK_CAPTURE_AUTORELEASING = YES;
				CLANG_WARN_BOOL_CONVERSION = YES;
				CLANG_WARN_COMMA = YES;
				CLANG_WARN_CONSTANT_CONVERSION = YES;
				CLANG_WARN_DEPRECATED_OBJC_IMPLEMENTATIONS = YES;
				CLANG_WARN_DIRECT_OBJC_ISA_USAGE = YES_ERROR;
				CLANG_WARN_DOCUMENTATION_COMMENTS = YES;
				CLANG_WARN_EMPTY_BODY = YES;
				CLANG_WARN_ENUM_CONVERSION = YES;
				CLANG_WARN_INFINITE_RECURSION = YES;
				CLANG_WARN_INT_CONVERSION = YES;
				CLANG_WARN_NON_LITERAL_NULL_CONVERSION = YES;
				CLANG_WARN_OBJC_IMPLICIT_RETAIN_SELF = YES;
				CLANG_WARN_OBJC_LITERAL_CONVERSION = YES;
				CLANG_WARN_OBJC_ROOT_CLASS = YES_ERROR;
				CLANG_WARN_RANGE_LOOP_ANALYSIS = YES;
				CLANG_WARN_STRICT_PROTOTYPES = YES;
				CLANG_WARN_SUSPICIOUS_MOVE = YES;
				CLANG_WARN_UNGUARDED_AVAILABILITY = YES_AGGRESSIVE;
				CLANG_WARN_UNREACHABLE_CODE = YES;
				CLANG_WARN__DUPLICATE_METHOD_MATCH = YES;
				CODE_SIGN_IDENTITY = "iPhone Developer";
				COPY_PHASE_STRIP = NO;
				DEBUG_INFORMATION_FORMAT = dwarf;
				ENABLE_STRICT_OBJC_MSGSEND = YES;
				ENABLE_TESTABILITY = YES;
				GCC_C_LANGUAGE_STANDARD = gnu11;
				GCC_DYNAMIC_NO_PIC = NO;
				GCC_NO_COMMON_BLOCKS = YES;
				GCC_OPTIMIZATION_LEVEL = 0;
				GCC_PREPROCESSOR_DEFINITIONS = (
					"DEBUG=1",
					"$(inherited)",
				);
				GCC_WARN_64_TO_32_BIT_CONVERSION = YES;
				GCC_WARN_ABOUT_RETURN_TYPE = YES_ERROR;
				GCC_WARN_UNDECLARED_SELECTOR = YES;
				GCC_WARN_UNINITIALIZED_AUTOS = YES_AGGRESSIVE;
				GCC_WARN_UNUSED_FUNCTION = YES;
				GCC_WARN_UNUSED_VARIABLE = YES;
				IPHONEOS_DEPLOYMENT_TARGET = 12.1;
				MTL_ENABLE_DEBUG_INFO = INCLUDE_SOURCE;
				MTL_FAST_MATH = YES;
				ONLY_ACTIVE_ARCH = YES;
				SDKROOT = iphoneos;
				SWIFT_ACTIVE_COMPILATION_CONDITIONS = DEBUG;
				SWIFT_OPTIMIZATION_LEVEL = "-Onone";
			};
			name = Debug;
		};
		B24BF63F2200EA0B009C5C51 /* Release */ = {
			isa = XCBuildConfiguration;
			buildSettings = {
				ALWAYS_SEARCH_USER_PATHS = NO;
				CLANG_ANALYZER_NONNULL = YES;
				CLANG_ANALYZER_NUMBER_OBJECT_CONVERSION = YES_AGGRESSIVE;
				CLANG_CXX_LANGUAGE_STANDARD = "gnu++14";
				CLANG_CXX_LIBRARY = "libc++";
				CLANG_ENABLE_MODULES = YES;
				CLANG_ENABLE_OBJC_ARC = YES;
				CLANG_ENABLE_OBJC_WEAK = YES;
				CLANG_WARN_BLOCK_CAPTURE_AUTORELEASING = YES;
				CLANG_WARN_BOOL_CONVERSION = YES;
				CLANG_WARN_COMMA = YES;
				CLANG_WARN_CONSTANT_CONVERSION = YES;
				CLANG_WARN_DEPRECATED_OBJC_IMPLEMENTATIONS = YES;
				CLANG_WARN_DIRECT_OBJC_ISA_USAGE = YES_ERROR;
				CLANG_WARN_DOCUMENTATION_COMMENTS = YES;
				CLANG_WARN_EMPTY_BODY = YES;
				CLANG_WARN_ENUM_CONVERSION = YES;
				CLANG_WARN_INFINITE_RECURSION = YES;
				CLANG_WARN_INT_CONVERSION = YES;
				CLANG_WARN_NON_LITERAL_NULL_CONVERSION = YES;
				CLANG_WARN_OBJC_IMPLICIT_RETAIN_SELF = YES;
				CLANG_WARN_OBJC_LITERAL_CONVERSION = YES;
				CLANG_WARN_OBJC_ROOT_CLASS = YES_ERROR;
				CLANG_WARN_RANGE_LOOP_ANALYSIS = YES;
				CLANG_WARN_STRICT_PROTOTYPES = YES;
				CLANG_WARN_SUSPICIOUS_MOVE = YES;
				CLANG_WARN_UNGUARDED_AVAILABILITY = YES_AGGRESSIVE;
				CLANG_WARN_UNREACHABLE_CODE = YES;
				CLANG_WARN__DUPLICATE_METHOD_MATCH = YES;
				CODE_SIGN_IDENTITY = "iPhone Developer";
				COPY_PHASE_STRIP = NO;
				DEBUG_INFORMATION_FORMAT = "dwarf-with-dsym";
				ENABLE_NS_ASSERTIONS = NO;
				ENABLE_STRICT_OBJC_MSGSEND = YES;
				GCC_C_LANGUAGE_STANDARD = gnu11;
				GCC_NO_COMMON_BLOCKS = YES;
				GCC_WARN_64_TO_32_BIT_CONVERSION = YES;
				GCC_WARN_ABOUT_RETURN_TYPE = YES_ERROR;
				GCC_WARN_UNDECLARED_SELECTOR = YES;
				GCC_WARN_UNINITIALIZED_AUTOS = YES_AGGRESSIVE;
				GCC_WARN_UNUSED_FUNCTION = YES;
				GCC_WARN_UNUSED_VARIABLE = YES;
				IPHONEOS_DEPLOYMENT_TARGET = 12.1;
				MTL_ENABLE_DEBUG_INFO = NO;
				MTL_FAST_MATH = YES;
				SDKROOT = iphoneos;
				SWIFT_COMPILATION_MODE = wholemodule;
				SWIFT_OPTIMIZATION_LEVEL = "-O";
				VALIDATE_PRODUCT = YES;
			};
			name = Release;
		};
		B24BF6412200EA0B009C5C51 /* Debug */ = {
			isa = XCBuildConfiguration;
			baseConfigurationReference = F8F4AA7FCBEC371218716680 /* Pods-Road Capture.debug.xcconfig */;
			buildSettings = {
				ASSETCATALOG_COMPILER_APPICON_NAME = AppIcon;
				CODE_SIGN_STYLE = Automatic;
				DEVELOPMENT_TEAM = 2GW5263Z6C;
				INFOPLIST_FILE = "Road Capture/Info.plist";
				LD_RUNPATH_SEARCH_PATHS = (
					"$(inherited)",
					"@executable_path/Frameworks",
				);
				PRODUCT_BUNDLE_IDENTIFIER = "com.Road-Capture-1";
				PRODUCT_NAME = "$(TARGET_NAME)";
				SWIFT_VERSION = 4.2;
				TARGETED_DEVICE_FAMILY = "1,2";
			};
			name = Debug;
		};
		B24BF6422200EA0B009C5C51 /* Release */ = {
			isa = XCBuildConfiguration;
			baseConfigurationReference = 23C1FF0130F0060E453980BD /* Pods-Road Capture.release.xcconfig */;
			buildSettings = {
				ASSETCATALOG_COMPILER_APPICON_NAME = AppIcon;
				CODE_SIGN_STYLE = Automatic;
				DEVELOPMENT_TEAM = 2GW5263Z6C;
				INFOPLIST_FILE = "Road Capture/Info.plist";
				LD_RUNPATH_SEARCH_PATHS = (
					"$(inherited)",
					"@executable_path/Frameworks",
				);
				PRODUCT_BUNDLE_IDENTIFIER = "com.Road-Capture-1";
				PRODUCT_NAME = "$(TARGET_NAME)";
				SWIFT_VERSION = 4.2;
				TARGETED_DEVICE_FAMILY = "1,2";
			};
			name = Release;
		};
		B24BF6442200EA0B009C5C51 /* Debug */ = {
			isa = XCBuildConfiguration;
			baseConfigurationReference = 79C713802C0EBD84E8B60048 /* Pods-Road CaptureTests.debug.xcconfig */;
			buildSettings = {
				ALWAYS_EMBED_SWIFT_STANDARD_LIBRARIES = YES;
				BUNDLE_LOADER = "$(TEST_HOST)";
				CODE_SIGN_STYLE = Automatic;
				INFOPLIST_FILE = "Road CaptureTests/Info.plist";
				LD_RUNPATH_SEARCH_PATHS = (
					"$(inherited)",
					"@executable_path/Frameworks",
					"@loader_path/Frameworks",
				);
				PRODUCT_BUNDLE_IDENTIFIER = "com.Road-CaptureTests";
				PRODUCT_NAME = "$(TARGET_NAME)";
				SWIFT_VERSION = 4.2;
				TARGETED_DEVICE_FAMILY = "1,2";
				TEST_HOST = "$(BUILT_PRODUCTS_DIR)/Road Capture.app/Road Capture";
			};
			name = Debug;
		};
		B24BF6452200EA0B009C5C51 /* Release */ = {
			isa = XCBuildConfiguration;
			baseConfigurationReference = 3F69C4792DA82D32C689969B /* Pods-Road CaptureTests.release.xcconfig */;
			buildSettings = {
				ALWAYS_EMBED_SWIFT_STANDARD_LIBRARIES = YES;
				BUNDLE_LOADER = "$(TEST_HOST)";
				CODE_SIGN_STYLE = Automatic;
				INFOPLIST_FILE = "Road CaptureTests/Info.plist";
				LD_RUNPATH_SEARCH_PATHS = (
					"$(inherited)",
					"@executable_path/Frameworks",
					"@loader_path/Frameworks",
				);
				PRODUCT_BUNDLE_IDENTIFIER = "com.Road-CaptureTests";
				PRODUCT_NAME = "$(TARGET_NAME)";
				SWIFT_VERSION = 4.2;
				TARGETED_DEVICE_FAMILY = "1,2";
				TEST_HOST = "$(BUILT_PRODUCTS_DIR)/Road Capture.app/Road Capture";
			};
			name = Release;
		};
		B24BF6472200EA0B009C5C51 /* Debug */ = {
			isa = XCBuildConfiguration;
			baseConfigurationReference = 6E6DEC569D52F0E638783533 /* Pods-Road CaptureUITests.debug.xcconfig */;
			buildSettings = {
				ALWAYS_EMBED_SWIFT_STANDARD_LIBRARIES = YES;
				CODE_SIGN_STYLE = Automatic;
				INFOPLIST_FILE = "Road CaptureUITests/Info.plist";
				LD_RUNPATH_SEARCH_PATHS = (
					"$(inherited)",
					"@executable_path/Frameworks",
					"@loader_path/Frameworks",
				);
				PRODUCT_BUNDLE_IDENTIFIER = "com.Road-CaptureUITests";
				PRODUCT_NAME = "$(TARGET_NAME)";
				SWIFT_VERSION = 4.2;
				TARGETED_DEVICE_FAMILY = "1,2";
				TEST_TARGET_NAME = "Road Capture";
			};
			name = Debug;
		};
		B24BF6482200EA0B009C5C51 /* Release */ = {
			isa = XCBuildConfiguration;
			baseConfigurationReference = B5F2A2C1BC7C772C4FA4CEB7 /* Pods-Road CaptureUITests.release.xcconfig */;
			buildSettings = {
				ALWAYS_EMBED_SWIFT_STANDARD_LIBRARIES = YES;
				CODE_SIGN_STYLE = Automatic;
				INFOPLIST_FILE = "Road CaptureUITests/Info.plist";
				LD_RUNPATH_SEARCH_PATHS = (
					"$(inherited)",
					"@executable_path/Frameworks",
					"@loader_path/Frameworks",
				);
				PRODUCT_BUNDLE_IDENTIFIER = "com.Road-CaptureUITests";
				PRODUCT_NAME = "$(TARGET_NAME)";
				SWIFT_VERSION = 4.2;
				TARGETED_DEVICE_FAMILY = "1,2";
				TEST_TARGET_NAME = "Road Capture";
			};
			name = Release;
		};
/* End XCBuildConfiguration section */

/* Begin XCConfigurationList section */
		B24BF6132200EA0A009C5C51 /* Build configuration list for PBXProject "Road Capture" */ = {
			isa = XCConfigurationList;
			buildConfigurations = (
				B24BF63E2200EA0B009C5C51 /* Debug */,
				B24BF63F2200EA0B009C5C51 /* Release */,
			);
			defaultConfigurationIsVisible = 0;
			defaultConfigurationName = Release;
		};
		B24BF6402200EA0B009C5C51 /* Build configuration list for PBXNativeTarget "Road Capture" */ = {
			isa = XCConfigurationList;
			buildConfigurations = (
				B24BF6412200EA0B009C5C51 /* Debug */,
				B24BF6422200EA0B009C5C51 /* Release */,
			);
			defaultConfigurationIsVisible = 0;
			defaultConfigurationName = Release;
		};
		B24BF6432200EA0B009C5C51 /* Build configuration list for PBXNativeTarget "Road CaptureTests" */ = {
			isa = XCConfigurationList;
			buildConfigurations = (
				B24BF6442200EA0B009C5C51 /* Debug */,
				B24BF6452200EA0B009C5C51 /* Release */,
			);
			defaultConfigurationIsVisible = 0;
			defaultConfigurationName = Release;
		};
		B24BF6462200EA0B009C5C51 /* Build configuration list for PBXNativeTarget "Road CaptureUITests" */ = {
			isa = XCConfigurationList;
			buildConfigurations = (
				B24BF6472200EA0B009C5C51 /* Debug */,
				B24BF6482200EA0B009C5C51 /* Release */,
			);
			defaultConfigurationIsVisible = 0;
			defaultConfigurationName = Release;
		};
/* End XCConfigurationList section */

/* Begin XCVersionGroup section */
		B28CFF69224418FA00E30A14 /* Model.xcdatamodeld */ = {
			isa = XCVersionGroup;
			children = (
				B28CFF6A224418FA00E30A14 /* Model.xcdatamodel */,
			);
			currentVersion = B28CFF6A224418FA00E30A14 /* Model.xcdatamodel */;
			path = Model.xcdatamodeld;
			sourceTree = "<group>";
			versionGroupType = wrapper.xcdatamodel;
		};
/* End XCVersionGroup section */
	};
	rootObject = B24BF6102200EA0A009C5C51 /* Project object */;
}
