// !$*UTF8*$!
{
	archiveVersion = 1;
	classes = {
	};
	objectVersion = 50;
	objects = {

/* Begin PBXBuildFile section */
		B2E33E2C221F6EA2006056FE /* AppDelegate.swift in Sources */ = {isa = PBXBuildFile; fileRef = B2E33E2B221F6EA2006056FE /* AppDelegate.swift */; };
		B2E33E2E221F6EA2006056FE /* ViewController.swift in Sources */ = {isa = PBXBuildFile; fileRef = B2E33E2D221F6EA2006056FE /* ViewController.swift */; };
		B2E33E31221F6EA2006056FE /* Main.storyboard in Resources */ = {isa = PBXBuildFile; fileRef = B2E33E2F221F6EA2006056FE /* Main.storyboard */; };
		B2E33E33221F6EA3006056FE /* Assets.xcassets in Resources */ = {isa = PBXBuildFile; fileRef = B2E33E32221F6EA3006056FE /* Assets.xcassets */; };
		B2E33E36221F6EA3006056FE /* LaunchScreen.storyboard in Resources */ = {isa = PBXBuildFile; fileRef = B2E33E34221F6EA3006056FE /* LaunchScreen.storyboard */; };
		B2E33E3E221F6F11006056FE /* LocationTracking.swift in Sources */ = {isa = PBXBuildFile; fileRef = B2E33E3D221F6F11006056FE /* LocationTracking.swift */; };
		B2E33E40221F7814006056FE /* Marker.swift in Sources */ = {isa = PBXBuildFile; fileRef = B2E33E3F221F7814006056FE /* Marker.swift */; };
/* End PBXBuildFile section */

/* Begin PBXFileReference section */
		B2E33E28221F6EA2006056FE /* Mapping.app */ = {isa = PBXFileReference; explicitFileType = wrapper.application; includeInIndex = 0; path = Mapping.app; sourceTree = BUILT_PRODUCTS_DIR; };
		B2E33E2B221F6EA2006056FE /* AppDelegate.swift */ = {isa = PBXFileReference; lastKnownFileType = sourcecode.swift; path = AppDelegate.swift; sourceTree = "<group>"; };
		B2E33E2D221F6EA2006056FE /* ViewController.swift */ = {isa = PBXFileReference; lastKnownFileType = sourcecode.swift; path = ViewController.swift; sourceTree = "<group>"; };
		B2E33E30221F6EA2006056FE /* Base */ = {isa = PBXFileReference; lastKnownFileType = file.storyboard; name = Base; path = Base.lproj/Main.storyboard; sourceTree = "<group>"; };
		B2E33E32221F6EA3006056FE /* Assets.xcassets */ = {isa = PBXFileReference; lastKnownFileType = folder.assetcatalog; path = Assets.xcassets; sourceTree = "<group>"; };
		B2E33E35221F6EA3006056FE /* Base */ = {isa = PBXFileReference; lastKnownFileType = file.storyboard; name = Base; path = Base.lproj/LaunchScreen.storyboard; sourceTree = "<group>"; };
		B2E33E37221F6EA3006056FE /* Info.plist */ = {isa = PBXFileReference; lastKnownFileType = text.plist.xml; path = Info.plist; sourceTree = "<group>"; };
		B2E33E3D221F6F11006056FE /* LocationTracking.swift */ = {isa = PBXFileReference; fileEncoding = 4; lastKnownFileType = sourcecode.swift; name = LocationTracking.swift; path = "../../../Road Capture/Road Capture/Mapping/LocationTracking.swift"; sourceTree = "<group>"; };
		B2E33E3F221F7814006056FE /* Marker.swift */ = {isa = PBXFileReference; fileEncoding = 4; lastKnownFileType = sourcecode.swift; name = Marker.swift; path = "../../../Road Capture/Road Capture/Mapping/Marker.swift"; sourceTree = "<group>"; };
/* End PBXFileReference section */

/* Begin PBXFrameworksBuildPhase section */
		B2E33E25221F6EA2006056FE /* Frameworks */ = {
			isa = PBXFrameworksBuildPhase;
			buildActionMask = 2147483647;
			files = (
			);
			runOnlyForDeploymentPostprocessing = 0;
		};
/* End PBXFrameworksBuildPhase section */

/* Begin PBXGroup section */
		B2E33E1F221F6EA2006056FE = {
			isa = PBXGroup;
			children = (
				B2E33E2A221F6EA2006056FE /* Mapping */,
				B2E33E29221F6EA2006056FE /* Products */,
			);
			sourceTree = "<group>";
		};
		B2E33E29221F6EA2006056FE /* Products */ = {
			isa = PBXGroup;
			children = (
				B2E33E28221F6EA2006056FE /* Mapping.app */,
			);
			name = Products;
			sourceTree = "<group>";
		};
		B2E33E2A221F6EA2006056FE /* Mapping */ = {
			isa = PBXGroup;
			children = (
				B2E33E2B221F6EA2006056FE /* AppDelegate.swift */,
				B2E33E3D221F6F11006056FE /* LocationTracking.swift */,
				B2E33E3F221F7814006056FE /* Marker.swift */,
				B2E33E2D221F6EA2006056FE /* ViewController.swift */,
				B2E33E2F221F6EA2006056FE /* Main.storyboard */,
				B2E33E32221F6EA3006056FE /* Assets.xcassets */,
				B2E33E34221F6EA3006056FE /* LaunchScreen.storyboard */,
				B2E33E37221F6EA3006056FE /* Info.plist */,
			);
			path = Mapping;
			sourceTree = "<group>";
		};
/* End PBXGroup section */

/* Begin PBXNativeTarget section */
		B2E33E27221F6EA2006056FE /* Mapping */ = {
			isa = PBXNativeTarget;
			buildConfigurationList = B2E33E3A221F6EA3006056FE /* Build configuration list for PBXNativeTarget "Mapping" */;
			buildPhases = (
				B2E33E24221F6EA2006056FE /* Sources */,
				B2E33E25221F6EA2006056FE /* Frameworks */,
				B2E33E26221F6EA2006056FE /* Resources */,
			);
			buildRules = (
			);
			dependencies = (
			);
			name = Mapping;
			productName = Mapping;
			productReference = B2E33E28221F6EA2006056FE /* Mapping.app */;
			productType = "com.apple.product-type.application";
		};
/* End PBXNativeTarget section */

/* Begin PBXProject section */
		B2E33E20221F6EA2006056FE /* Project object */ = {
			isa = PBXProject;
			attributes = {
				LastSwiftUpdateCheck = 1010;
				LastUpgradeCheck = 1010;
				ORGANIZATIONNAME = "Aaron Sletten";
				TargetAttributes = {
					B2E33E27221F6EA2006056FE = {
						CreatedOnToolsVersion = 10.1;
					};
				};
			};
			buildConfigurationList = B2E33E23221F6EA2006056FE /* Build configuration list for PBXProject "Mapping" */;
			compatibilityVersion = "Xcode 9.3";
			developmentRegion = en;
			hasScannedForEncodings = 0;
			knownRegions = (
				en,
				Base,
			);
			mainGroup = B2E33E1F221F6EA2006056FE;
			productRefGroup = B2E33E29221F6EA2006056FE /* Products */;
			projectDirPath = "";
			projectRoot = "";
			targets = (
				B2E33E27221F6EA2006056FE /* Mapping */,
			);
		};
/* End PBXProject section */

/* Begin PBXResourcesBuildPhase section */
		B2E33E26221F6EA2006056FE /* Resources */ = {
			isa = PBXResourcesBuildPhase;
			buildActionMask = 2147483647;
			files = (
				B2E33E36221F6EA3006056FE /* LaunchScreen.storyboard in Resources */,
				B2E33E33221F6EA3006056FE /* Assets.xcassets in Resources */,
				B2E33E31221F6EA2006056FE /* Main.storyboard in Resources */,
			);
			runOnlyForDeploymentPostprocessing = 0;
		};
/* End PBXResourcesBuildPhase section */

/* Begin PBXSourcesBuildPhase section */
		B2E33E24221F6EA2006056FE /* Sources */ = {
			isa = PBXSourcesBuildPhase;
			buildActionMask = 2147483647;
			files = (
				B2E33E2E221F6EA2006056FE /* ViewController.swift in Sources */,
				B2E33E40221F7814006056FE /* Marker.swift in Sources */,
				B2E33E3E221F6F11006056FE /* LocationTracking.swift in Sources */,
				B2E33E2C221F6EA2006056FE /* AppDelegate.swift in Sources */,
			);
			runOnlyForDeploymentPostprocessing = 0;
		};
/* End PBXSourcesBuildPhase section */

/* Begin PBXVariantGroup section */
		B2E33E2F221F6EA2006056FE /* Main.storyboard */ = {
			isa = PBXVariantGroup;
			children = (
				B2E33E30221F6EA2006056FE /* Base */,
			);
			name = Main.storyboard;
			sourceTree = "<group>";
		};
		B2E33E34221F6EA3006056FE /* LaunchScreen.storyboard */ = {
			isa = PBXVariantGroup;
			children = (
				B2E33E35221F6EA3006056FE /* Base */,
			);
			name = LaunchScreen.storyboard;
			sourceTree = "<group>";
		};
/* End PBXVariantGroup section */

/* Begin XCBuildConfiguration section */
		B2E33E38221F6EA3006056FE /* Debug */ = {
			isa = XCBuildConfiguration;
			buildSettings = {
				ALWAYS_SEARCH_USER_PATHS = NO;
				CLANG_ANALYZER_NONNULL = YES;
				CLANG_ANALYZER_NUMBER_OBJECT_CONVERSION = YES_AGGRESSIVE;
				CLANG_CXX_LANGUAGE_STANDARD = "gnu++14";
				CLANG_CXX_LIBRARY = "libc++";
				CLANG_ENABLE_MODULES = YES;
				CLANG_ENABLE_OBJC_ARC = YES;
				CLANG_ENABLE_OBJC_WEAK = YES;
				CLANG_WARN_BLOCK_CAPTURE_AUTORELEASING = YES;
				CLANG_WARN_BOOL_CONVERSION = YES;
				CLANG_WARN_COMMA = YES;
				CLANG_WARN_CONSTANT_CONVERSION = YES;
				CLANG_WARN_DEPRECATED_OBJC_IMPLEMENTATIONS = YES;
				CLANG_WARN_DIRECT_OBJC_ISA_USAGE = YES_ERROR;
				CLANG_WARN_DOCUMENTATION_COMMENTS = YES;
				CLANG_WARN_EMPTY_BODY = YES;
				CLANG_WARN_ENUM_CONVERSION = YES;
				CLANG_WARN_INFINITE_RECURSION = YES;
				CLANG_WARN_INT_CONVERSION = YES;
				CLANG_WARN_NON_LITERAL_NULL_CONVERSION = YES;
				CLANG_WARN_OBJC_IMPLICIT_RETAIN_SELF = YES;
				CLANG_WARN_OBJC_LITERAL_CONVERSION = YES;
				CLANG_WARN_OBJC_ROOT_CLASS = YES_ERROR;
				CLANG_WARN_RANGE_LOOP_ANALYSIS = YES;
				CLANG_WARN_STRICT_PROTOTYPES = YES;
				CLANG_WARN_SUSPICIOUS_MOVE = YES;
				CLANG_WARN_UNGUARDED_AVAILABILITY = YES_AGGRESSIVE;
				CLANG_WARN_UNREACHABLE_CODE = YES;
				CLANG_WARN__DUPLICATE_METHOD_MATCH = YES;
				CODE_SIGN_IDENTITY = "iPhone Developer";
				COPY_PHASE_STRIP = NO;
				DEBUG_INFORMATION_FORMAT = dwarf;
				ENABLE_STRICT_OBJC_MSGSEND = YES;
				ENABLE_TESTABILITY = YES;
				GCC_C_LANGUAGE_STANDARD = gnu11;
				GCC_DYNAMIC_NO_PIC = NO;
				GCC_NO_COMMON_BLOCKS = YES;
				GCC_OPTIMIZATION_LEVEL = 0;
				GCC_PREPROCESSOR_DEFINITIONS = (
					"DEBUG=1",
					"$(inherited)",
				);
				GCC_WARN_64_TO_32_BIT_CONVERSION = YES;
				GCC_WARN_ABOUT_RETURN_TYPE = YES_ERROR;
				GCC_WARN_UNDECLARED_SELECTOR = YES;
				GCC_WARN_UNINITIALIZED_AUTOS = YES_AGGRESSIVE;
				GCC_WARN_UNUSED_FUNCTION = YES;
				GCC_WARN_UNUSED_VARIABLE = YES;
				IPHONEOS_DEPLOYMENT_TARGET = 12.1;
				MTL_ENABLE_DEBUG_INFO = INCLUDE_SOURCE;
				MTL_FAST_MATH = YES;
				ONLY_ACTIVE_ARCH = YES;
				SDKROOT = iphoneos;
				SWIFT_ACTIVE_COMPILATION_CONDITIONS = DEBUG;
				SWIFT_OPTIMIZATION_LEVEL = "-Onone";
			};
			name = Debug;
		};
		B2E33E39221F6EA3006056FE /* Release */ = {
			isa = XCBuildConfiguration;
			buildSettings = {
				ALWAYS_SEARCH_USER_PATHS = NO;
				CLANG_ANALYZER_NONNULL = YES;
				CLANG_ANALYZER_NUMBER_OBJECT_CONVERSION = YES_AGGRESSIVE;
				CLANG_CXX_LANGUAGE_STANDARD = "gnu++14";
				CLANG_CXX_LIBRARY = "libc++";
				CLANG_ENABLE_MODULES = YES;
				CLANG_ENABLE_OBJC_ARC = YES;
				CLANG_ENABLE_OBJC_WEAK = YES;
				CLANG_WARN_BLOCK_CAPTURE_AUTORELEASING = YES;
				CLANG_WARN_BOOL_CONVERSION = YES;
				CLANG_WARN_COMMA = YES;
				CLANG_WARN_CONSTANT_CONVERSION = YES;
				CLANG_WARN_DEPRECATED_OBJC_IMPLEMENTATIONS = YES;
				CLANG_WARN_DIRECT_OBJC_ISA_USAGE = YES_ERROR;
				CLANG_WARN_DOCUMENTATION_COMMENTS = YES;
				CLANG_WARN_EMPTY_BODY = YES;
				CLANG_WARN_ENUM_CONVERSION = YES;
				CLANG_WARN_INFINITE_RECURSION = YES;
				CLANG_WARN_INT_CONVERSION = YES;
				CLANG_WARN_NON_LITERAL_NULL_CONVERSION = YES;
				CLANG_WARN_OBJC_IMPLICIT_RETAIN_SELF = YES;
				CLANG_WARN_OBJC_LITERAL_CONVERSION = YES;
				CLANG_WARN_OBJC_ROOT_CLASS = YES_ERROR;
				CLANG_WARN_RANGE_LOOP_ANALYSIS = YES;
				CLANG_WARN_STRICT_PROTOTYPES = YES;
				CLANG_WARN_SUSPICIOUS_MOVE = YES;
				CLANG_WARN_UNGUARDED_AVAILABILITY = YES_AGGRESSIVE;
				CLANG_WARN_UNREACHABLE_CODE = YES;
				CLANG_WARN__DUPLICATE_METHOD_MATCH = YES;
				CODE_SIGN_IDENTITY = "iPhone Developer";
				COPY_PHASE_STRIP = NO;
				DEBUG_INFORMATION_FORMAT = "dwarf-with-dsym";
				ENABLE_NS_ASSERTIONS = NO;
				ENABLE_STRICT_OBJC_MSGSEND = YES;
				GCC_C_LANGUAGE_STANDARD = gnu11;
				GCC_NO_COMMON_BLOCKS = YES;
				GCC_WARN_64_TO_32_BIT_CONVERSION = YES;
				GCC_WARN_ABOUT_RETURN_TYPE = YES_ERROR;
				GCC_WARN_UNDECLARED_SELECTOR = YES;
				GCC_WARN_UNINITIALIZED_AUTOS = YES_AGGRESSIVE;
				GCC_WARN_UNUSED_FUNCTION = YES;
				GCC_WARN_UNUSED_VARIABLE = YES;
				IPHONEOS_DEPLOYMENT_TARGET = 12.1;
				MTL_ENABLE_DEBUG_INFO = NO;
				MTL_FAST_MATH = YES;
				SDKROOT = iphoneos;
				SWIFT_COMPILATION_MODE = wholemodule;
				SWIFT_OPTIMIZATION_LEVEL = "-O";
				VALIDATE_PRODUCT = YES;
			};
			name = Release;
		};
		B2E33E3B221F6EA3006056FE /* Debug */ = {
			isa = XCBuildConfiguration;
			buildSettings = {
				ASSETCATALOG_COMPILER_APPICON_NAME = AppIcon;
				CODE_SIGN_STYLE = Automatic;
				DEVELOPMENT_TEAM = PN7664863P;
				INFOPLIST_FILE = Mapping/Info.plist;
				LD_RUNPATH_SEARCH_PATHS = (
					"$(inherited)",
					"@executable_path/Frameworks",
				);
				PRODUCT_BUNDLE_IDENTIFIER = com..Mapping;
				PRODUCT_NAME = "$(TARGET_NAME)";
				SWIFT_VERSION = 4.2;
				TARGETED_DEVICE_FAMILY = "1,2";
			};
			name = Debug;
		};
		B2E33E3C221F6EA3006056FE /* Release */ = {
			isa = XCBuildConfiguration;
			buildSettings = {
				ASSETCATALOG_COMPILER_APPICON_NAME = AppIcon;
				CODE_SIGN_STYLE = Automatic;
				DEVELOPMENT_TEAM = PN7664863P;
				INFOPLIST_FILE = Mapping/Info.plist;
				LD_RUNPATH_SEARCH_PATHS = (
					"$(inherited)",
					"@executable_path/Frameworks",
				);
				PRODUCT_BUNDLE_IDENTIFIER = com..Mapping;
				PRODUCT_NAME = "$(TARGET_NAME)";
				SWIFT_VERSION = 4.2;
				TARGETED_DEVICE_FAMILY = "1,2";
			};
			name = Release;
		};
/* End XCBuildConfiguration section */

/* Begin XCConfigurationList section */
		B2E33E23221F6EA2006056FE /* Build configuration list for PBXProject "Mapping" */ = {
			isa = XCConfigurationList;
			buildConfigurations = (
				B2E33E38221F6EA3006056FE /* Debug */,
				B2E33E39221F6EA3006056FE /* Release */,
			);
			defaultConfigurationIsVisible = 0;
			defaultConfigurationName = Release;
		};
		B2E33E3A221F6EA3006056FE /* Build configuration list for PBXNativeTarget "Mapping" */ = {
			isa = XCConfigurationList;
			buildConfigurations = (
				B2E33E3B221F6EA3006056FE /* Debug */,
				B2E33E3C221F6EA3006056FE /* Release */,
			);
			defaultConfigurationIsVisible = 0;
			defaultConfigurationName = Release;
		};
/* End XCConfigurationList section */
	};
	rootObject = B2E33E20221F6EA2006056FE /* Project object */;
}
